
Microsoft Visual Studio Solution File, Format Version 12.00
# Visual Studio Version 16
VisualStudioVersion = 16.0.30611.23
MinimumVisualStudioVersion = 10.0.40219.1
Project("{FAE04EC0-301F-11D3-BF4B-00C04F79EFBC}") = "BogunP_300829172_A1", "BogunP_300829172_A1.csproj", "{B7DAA7CE-8578-4BCA-89D5-033311ACF7B1}"
EndProject
Global
	GlobalSection(SolutionConfigurationPlatforms) = preSolution
		Debug|Any CPU = Debug|Any CPU
		Release|Any CPU = Release|Any CPU
	EndGlobalSection
	GlobalSection(ProjectConfigurationPlatforms) = postSolution
		{B7DAA7CE-8578-4BCA-89D5-033311ACF7B1}.Debug|Any CPU.ActiveCfg = Debug|Any CPU
		{B7DAA7CE-8578-4BCA-89D5-033311ACF7B1}.Debug|Any CPU.Build.0 = Debug|Any CPU
		{B7DAA7CE-8578-4BCA-89D5-033311ACF7B1}.Release|Any CPU.ActiveCfg = Release|Any CPU
		{B7DAA7CE-8578-4BCA-89D5-033311ACF7B1}.Release|Any CPU.Build.0 = Release|Any CPU
	EndGlobalSection
	GlobalSection(SolutionProperties) = preSolution
		HideSolutionNode = FALSE
	EndGlobalSection
	GlobalSection(ExtensibilityGlobals) = postSolution
		SolutionGuid = {4A26F0F8-C090-4D30-BEAC-166E0924B150}
	EndGlobalSection
EndGlobal
